{
  "nodes": {
    "dank-greeter": {
      "inputs": {
        "dank-qml-common": "dank-qml-common",
        "nixpkgs": [
          "nixpkgs"
        ]
      },
      "locked": {
        "lastModified": 1789673753,
        "narHash": "sha256-QLIZsiK2GKO1hQrPdY3sIFLkZyG76O1XCIUPG1AJkVo=",
        "owner": "AvengeMedia",
        "repo": "dank-greeter",
        "rev": "4704771978e99671b18f356b4c89238de4588ead",
        "type": "github"
      },
      "original": {
        "owner": "AvengeMedia",
        "repo": "dank-greeter",
        "type": "github"
      }
    },
    "dank-qml-common": {
      "flake": false,
      "locked": {
        "lastModified": 1789670129,
        "narHash": "sha256-BwbpmZNuvZVt7B2GqfDFTDY0ytasTf7Sp9TdCIFdJg8=",
        "owner": "AvengeMedia",
        "repo": "dank-qml-common",
        "rev": "0250e64a10eca639b64fce98974c0617e26cfbf4",
        "type": "github"
      },
      "original": {
        "owner": "AvengeMedia",
        "repo": "dank-qml-common",
        "type": "github"
      }
    },
    "home-manager": {
      "inputs": {
        "nixpkgs": [
          "nixpkgs"
        ]
      },
      "locked": {
        "lastModified": 1789676441,
        "narHash": "sha256-mOvO5VvycuBtOUe5EYI54vrLsWe+2KF/82fmwKooe48=",
        "owner": "nix-community",
        "repo": "home-manager",
        "rev": "9d485f74cd27d17126ee34cb31005c39d20f741f",
        "type": "github"
      },
      "original": {
        "owner": "nix-community",
        "repo": "home-manager",
        "type": "github"
      }
    },
    "niri": {
      "inputs": {
        "niri-stable": "niri-stable",
        "niri-unstable": "niri-unstable",
        "nixpkgs": [
          "nixpkgs"
        ],
        "nixpkgs-stable": "nixpkgs-stable",
        "xwayland-satellite-stable": "xwayland-satellite-stable",
        "xwayland-satellite-unstable": "xwayland-satellite-unstable"
      },
      "locked": {
        "lastModified": 1789663518,
        "narHash": "sha256-hoUhKWBVRLdRT6MpF+0lqerEG1MrgA11hHQdNl5zFiM=",
        "owner": "epireyn",
        "repo": "niri-flake",
        "rev": "eb90b04214c86e980b1906bd9449b3ad8b888fd0",
        "type": "github"
      },
      "original": {
        "owner": "epireyn",
        "repo": "niri-flake",
        "type": "github"
      }
    },
    "niri-stable": {
      "flake": false,
      "locked": {
        "lastModified": 1777115961,
        "narHash": "sha256-ehSMsSpE+0k8r+2Vseu8kangsYxToZv3vinynsDp9zs=",
        "owner": "niri-wm",
        "repo": "niri",
        "rev": "8ed0da44d974c32c6877d2f4630c314da0717ecb",
        "type": "github"
      },
      "original": {
        "owner": "niri-wm",
        "ref": "v26.04",
        "repo": "niri",
        "type": "github"
      }
    },
    "niri-unstable": {
      "flake": false,
      "locked": {
        "lastModified": 1789656515,
        "narHash": "sha256-Y7EZJ/Cz53VTwuSVB9aGDPqjkOrAxE4A3l6Hd21l4mU=",
        "owner": "niri-wm",
        "repo": "niri",
        "rev": "b735805d00d2daae6cedb6823660e80636418d7c",
        "type": "github"
      },
      "original": {
        "owner": "niri-wm",
        "repo": "niri",
        "type": "github"
      }
    },
    "nixpkgs": {
      "locked": {
        "lastModified": 1789546076,
        "narHash": "sha256-zVxLZiSnmaaPLwnhj7pwmqe3axBg/C6nG5JZsJMh2g4=",
        "owner": "NixOS",
        "repo": "nixpkgs",
        "rev": "b1b875982b17dabde9b4a37f3e229e74913e6db3",
        "type": "github"
      },
      "original": {
        "owner": "NixOS",
        "ref": "nixos-unstable",
        "repo": "nixpkgs",
        "type": "github"
      }
    },
    "nixpkgs-stable": {
      "locked": {
        "lastModified": 1789542786,
        "narHash": "sha256-ajQuqcxnj6RYnwCjA/9FTCnrdR2+BDzstE8UembXf60=",
        "owner": "NixOS",
        "repo": "nixpkgs",
        "rev": "4c7870105e7f1fdf9c48688c8d7efc21abf0688a",
        "type": "github"
      },
      "original": {
        "owner": "NixOS",
        "ref": "nixos-26.05",
        "repo": "nixpkgs",
        "type": "github"
      }
    },
    "root": {
      "inputs": {
        "dank-greeter": "dank-greeter",
        "home-manager": "home-manager",
        "niri": "niri",
        "nixpkgs": "nixpkgs"
      }
    },
    "xwayland-satellite-stable": {
      "flake": false,
      "locked": {
        "lastModified": 1784679892,
        "narHash": "sha256-Mb7jpqnrcYCfNSItIkkHpuR3YxWFxPuIBfcwNKlRBkk=",
        "owner": "Supreeeme",
        "repo": "xwayland-satellite",
        "rev": "8d135d3b2854b30fd01ea6cd6c27e523dd50a839",
        "type": "github"
      },
      "original": {
        "owner": "Supreeeme",
        "ref": "v0.8.2",
        "repo": "xwayland-satellite",
        "type": "github"
      }
    },
    "xwayland-satellite-unstable": {
      "flake": false,
      "locked": {
        "lastModified": 1788991189,
        "narHash": "sha256-0TxfMgqW0/BLD4M942c5DCKYrtPvzsPJwvdcco4LQUM=",
        "owner": "Supreeeme",
        "repo": "xwayland-satellite",
        "rev": "add2795134593faafce60e404a0a75df68e9ee0c",
        "type": "github"
      },
      "original": {
        "owner": "Supreeeme",
        "repo": "xwayland-satellite",
        "type": "github"
      }
    }
  },
  "root": "root",
  "version": 7
}
